{
  "name": "newtab-editor",
  "version": "1.0.0",
  "lockfileVersion": 1,
  "requires": true,
  "dependencies": {
    "ace-builds": {
      "version": "1.2.9",
      "resolved": "https://registry.npmjs.org/ace-builds/-/ace-builds-1.2.9.tgz",
      "integrity": "sha512-Gcz6nv1YOwTrd1cCd5iDHyF15/hsascz25kUdUYC2zvMv1xeTldGrisMeV4+Jq3vv2OGNukzhIu48RB70iY7pA=="
    }
  }
}
